
Microsoft Visual Studio Solution File, Format Version 12.00
# Visual Studio Version 16
VisualStudioVersion = 16.0.808.4
MinimumVisualStudioVersion = 10.0.40219.1
Project("{FAE04EC0-301F-11D3-BF4B-00C04F79EFBC}") = "NadjafHomeWork", "NadjafHomeWork\NadjafHomeWork.csproj", "{0A52CE47-CB7A-4C6B-ACBF-15F2DD766384}"
EndProject
Global
	GlobalSection(SolutionConfigurationPlatforms) = preSolution
		Debug|Any CPU = Debug|Any CPU
		Release|Any CPU = Release|Any CPU
	EndGlobalSection
	GlobalSection(ProjectConfigurationPlatforms) = postSolution
		{0A52CE47-CB7A-4C6B-ACBF-15F2DD766384}.Debug|Any CPU.ActiveCfg = Debug|Any CPU
		{0A52CE47-CB7A-4C6B-ACBF-15F2DD766384}.Debug|Any CPU.Build.0 = Debug|Any CPU
		{0A52CE47-CB7A-4C6B-ACBF-15F2DD766384}.Release|Any CPU.ActiveCfg = Release|Any CPU
		{0A52CE47-CB7A-4C6B-ACBF-15F2DD766384}.Release|Any CPU.Build.0 = Release|Any CPU
	EndGlobalSection
	GlobalSection(SolutionProperties) = preSolution
		HideSolutionNode = FALSE
	EndGlobalSection
	GlobalSection(ExtensibilityGlobals) = postSolution
		SolutionGuid = {D6001CD5-BD8C-4EB3-A497-A726464C0660}
	EndGlobalSection
EndGlobal
